
Microsoft Visual Studio Solution File, Format Version 12.00
# Visual Studio 15
VisualStudioVersion = 15.0.26124.0
MinimumVisualStudioVersion = 15.0.26124.0
Project("{FAE04EC0-301F-11D3-BF4B-00C04F79EFBC}") = "Domain", "Domain\Domain.csproj", "{25BAAF46-B707-4F7F-9072-AA79377F53B7}"
EndProject
Project("{FAE04EC0-301F-11D3-BF4B-00C04F79EFBC}") = "ApplicationProject", "ApplicationProject\ApplicationProject.csproj", "{61A7CF2D-FDE4-447A-98E7-87F41F79D199}"
EndProject
Project("{FAE04EC0-301F-11D3-BF4B-00C04F79EFBC}") = "Persistance", "Persistance\Persistance.csproj", "{35E88CE6-CD9D-4A88-9D4F-368711433F33}"
EndProject
Project("{FAE04EC0-301F-11D3-BF4B-00C04F79EFBC}") = "API", "API\API.csproj", "{FFA1B47A-2F1C-417E-A92B-B1D831B9D493}"
EndProject
Global
	GlobalSection(SolutionConfigurationPlatforms) = preSolution
		Debug|Any CPU = Debug|Any CPU
		Debug|x64 = Debug|x64
		Debug|x86 = Debug|x86
		Release|Any CPU = Release|Any CPU
		Release|x64 = Release|x64
		Release|x86 = Release|x86
	EndGlobalSection
	GlobalSection(SolutionProperties) = preSolution
		HideSolutionNode = FALSE
	EndGlobalSection
	GlobalSection(ProjectConfigurationPlatforms) = postSolution
		{25BAAF46-B707-4F7F-9072-AA79377F53B7}.Debug|Any CPU.ActiveCfg = Debug|Any CPU
		{25BAAF46-B707-4F7F-9072-AA79377F53B7}.Debug|Any CPU.Build.0 = Debug|Any CPU
		{25BAAF46-B707-4F7F-9072-AA79377F53B7}.Debug|x64.ActiveCfg = Debug|Any CPU
		{25BAAF46-B707-4F7F-9072-AA79377F53B7}.Debug|x64.Build.0 = Debug|Any CPU
		{25BAAF46-B707-4F7F-9072-AA79377F53B7}.Debug|x86.ActiveCfg = Debug|Any CPU
		{25BAAF46-B707-4F7F-9072-AA79377F53B7}.Debug|x86.Build.0 = Debug|Any CPU
		{25BAAF46-B707-4F7F-9072-AA79377F53B7}.Release|Any CPU.ActiveCfg = Release|Any CPU
		{25BAAF46-B707-4F7F-9072-AA79377F53B7}.Release|Any CPU.Build.0 = Release|Any CPU
		{25BAAF46-B707-4F7F-9072-AA79377F53B7}.Release|x64.ActiveCfg = Release|Any CPU
		{25BAAF46-B707-4F7F-9072-AA79377F53B7}.Release|x64.Build.0 = Release|Any CPU
		{25BAAF46-B707-4F7F-9072-AA79377F53B7}.Release|x86.ActiveCfg = Release|Any CPU
		{25BAAF46-B707-4F7F-9072-AA79377F53B7}.Release|x86.Build.0 = Release|Any CPU
		{61A7CF2D-FDE4-447A-98E7-87F41F79D199}.Debug|Any CPU.ActiveCfg = Debug|Any CPU
		{61A7CF2D-FDE4-447A-98E7-87F41F79D199}.Debug|Any CPU.Build.0 = Debug|Any CPU
		{61A7CF2D-FDE4-447A-98E7-87F41F79D199}.Debug|x64.ActiveCfg = Debug|Any CPU
		{61A7CF2D-FDE4-447A-98E7-87F41F79D199}.Debug|x64.Build.0 = Debug|Any CPU
		{61A7CF2D-FDE4-447A-98E7-87F41F79D199}.Debug|x86.ActiveCfg = Debug|Any CPU
		{61A7CF2D-FDE4-447A-98E7-87F41F79D199}.Debug|x86.Build.0 = Debug|Any CPU
		{61A7CF2D-FDE4-447A-98E7-87F41F79D199}.Release|Any CPU.ActiveCfg = Release|Any CPU
		{61A7CF2D-FDE4-447A-98E7-87F41F79D199}.Release|Any CPU.Build.0 = Release|Any CPU
		{61A7CF2D-FDE4-447A-98E7-87F41F79D199}.Release|x64.ActiveCfg = Release|Any CPU
		{61A7CF2D-FDE4-447A-98E7-87F41F79D199}.Release|x64.Build.0 = Release|Any CPU
		{61A7CF2D-FDE4-447A-98E7-87F41F79D199}.Release|x86.ActiveCfg = Release|Any CPU
		{61A7CF2D-FDE4-447A-98E7-87F41F79D199}.Release|x86.Build.0 = Release|Any CPU
		{35E88CE6-CD9D-4A88-9D4F-368711433F33}.Debug|Any CPU.ActiveCfg = Debug|Any CPU
		{35E88CE6-CD9D-4A88-9D4F-368711433F33}.Debug|Any CPU.Build.0 = Debug|Any CPU
		{35E88CE6-CD9D-4A88-9D4F-368711433F33}.Debug|x64.ActiveCfg = Debug|Any CPU
		{35E88CE6-CD9D-4A88-9D4F-368711433F33}.Debug|x64.Build.0 = Debug|Any CPU
		{35E88CE6-CD9D-4A88-9D4F-368711433F33}.Debug|x86.ActiveCfg = Debug|Any CPU
		{35E88CE6-CD9D-4A88-9D4F-368711433F33}.Debug|x86.Build.0 = Debug|Any CPU
		{35E88CE6-CD9D-4A88-9D4F-368711433F33}.Release|Any CPU.ActiveCfg = Release|Any CPU
		{35E88CE6-CD9D-4A88-9D4F-368711433F33}.Release|Any CPU.Build.0 = Release|Any CPU
		{35E88CE6-CD9D-4A88-9D4F-368711433F33}.Release|x64.ActiveCfg = Release|Any CPU
		{35E88CE6-CD9D-4A88-9D4F-368711433F33}.Release|x64.Build.0 = Release|Any CPU
		{35E88CE6-CD9D-4A88-9D4F-368711433F33}.Release|x86.ActiveCfg = Release|Any CPU
		{35E88CE6-CD9D-4A88-9D4F-368711433F33}.Release|x86.Build.0 = Release|Any CPU
		{FFA1B47A-2F1C-417E-A92B-B1D831B9D493}.Debug|Any CPU.ActiveCfg = Debug|Any CPU
		{FFA1B47A-2F1C-417E-A92B-B1D831B9D493}.Debug|Any CPU.Build.0 = Debug|Any CPU
		{FFA1B47A-2F1C-417E-A92B-B1D831B9D493}.Debug|x64.ActiveCfg = Debug|Any CPU
		{FFA1B47A-2F1C-417E-A92B-B1D831B9D493}.Debug|x64.Build.0 = Debug|Any CPU
		{FFA1B47A-2F1C-417E-A92B-B1D831B9D493}.Debug|x86.ActiveCfg = Debug|Any CPU
		{FFA1B47A-2F1C-417E-A92B-B1D831B9D493}.Debug|x86.Build.0 = Debug|Any CPU
		{FFA1B47A-2F1C-417E-A92B-B1D831B9D493}.Release|Any CPU.ActiveCfg = Release|Any CPU
		{FFA1B47A-2F1C-417E-A92B-B1D831B9D493}.Release|Any CPU.Build.0 = Release|Any CPU
		{FFA1B47A-2F1C-417E-A92B-B1D831B9D493}.Release|x64.ActiveCfg = Release|Any CPU
		{FFA1B47A-2F1C-417E-A92B-B1D831B9D493}.Release|x64.Build.0 = Release|Any CPU
		{FFA1B47A-2F1C-417E-A92B-B1D831B9D493}.Release|x86.ActiveCfg = Release|Any CPU
		{FFA1B47A-2F1C-417E-A92B-B1D831B9D493}.Release|x86.Build.0 = Release|Any CPU
	EndGlobalSection
EndGlobal
